
Microsoft Visual Studio Solution File, Format Version 12.00
# Visual Studio 15
VisualStudioVersion = 15.0.26730.3
MinimumVisualStudioVersion = 10.0.40219.1
Project("{FAE04EC0-301F-11D3-BF4B-00C04F79EFBC}") = "WaWi", "WaWi\WaWi.csproj", "{BB6CCE4E-D8CF-4070-9D1E-0F46453280B6}"
EndProject
Project("{FAE04EC0-301F-11D3-BF4B-00C04F79EFBC}") = "UnitTestProjectDB", "UnitTestProjectDB\UnitTestProjectDB.csproj", "{0831D8CD-FDB2-4C65-8732-43A14ADED002}"
EndProject
Project("{FAE04EC0-301F-11D3-BF4B-00C04F79EFBC}") = "ProjektDB", "ProjektDB.csproj", "{4AAA3A44-F1C7-42BD-80A5-0902CA19BF75}"
EndProject
Global
	GlobalSection(SolutionConfigurationPlatforms) = preSolution
		Debug|Any CPU = Debug|Any CPU
		Debug|Mixed Platforms = Debug|Mixed Platforms
		Debug|x86 = Debug|x86
		Release|Any CPU = Release|Any CPU
		Release|Mixed Platforms = Release|Mixed Platforms
		Release|x86 = Release|x86
	EndGlobalSection
	GlobalSection(ProjectConfigurationPlatforms) = postSolution
		{BB6CCE4E-D8CF-4070-9D1E-0F46453280B6}.Debug|Any CPU.ActiveCfg = Debug|Any CPU
		{BB6CCE4E-D8CF-4070-9D1E-0F46453280B6}.Debug|Any CPU.Build.0 = Debug|Any CPU
		{BB6CCE4E-D8CF-4070-9D1E-0F46453280B6}.Debug|Mixed Platforms.ActiveCfg = Debug|Any CPU
		{BB6CCE4E-D8CF-4070-9D1E-0F46453280B6}.Debug|Mixed Platforms.Build.0 = Debug|Any CPU
		{BB6CCE4E-D8CF-4070-9D1E-0F46453280B6}.Debug|x86.ActiveCfg = Debug|Any CPU
		{BB6CCE4E-D8CF-4070-9D1E-0F46453280B6}.Release|Any CPU.ActiveCfg = Release|Any CPU
		{BB6CCE4E-D8CF-4070-9D1E-0F46453280B6}.Release|Any CPU.Build.0 = Release|Any CPU
		{BB6CCE4E-D8CF-4070-9D1E-0F46453280B6}.Release|Mixed Platforms.ActiveCfg = Release|Any CPU
		{BB6CCE4E-D8CF-4070-9D1E-0F46453280B6}.Release|Mixed Platforms.Build.0 = Release|Any CPU
		{BB6CCE4E-D8CF-4070-9D1E-0F46453280B6}.Release|x86.ActiveCfg = Release|Any CPU
		{0831D8CD-FDB2-4C65-8732-43A14ADED002}.Debug|Any CPU.ActiveCfg = Debug|Any CPU
		{0831D8CD-FDB2-4C65-8732-43A14ADED002}.Debug|Any CPU.Build.0 = Debug|Any CPU
		{0831D8CD-FDB2-4C65-8732-43A14ADED002}.Debug|Mixed Platforms.ActiveCfg = Debug|Any CPU
		{0831D8CD-FDB2-4C65-8732-43A14ADED002}.Debug|Mixed Platforms.Build.0 = Debug|Any CPU
		{0831D8CD-FDB2-4C65-8732-43A14ADED002}.Debug|x86.ActiveCfg = Debug|Any CPU
		{0831D8CD-FDB2-4C65-8732-43A14ADED002}.Release|Any CPU.ActiveCfg = Release|Any CPU
		{0831D8CD-FDB2-4C65-8732-43A14ADED002}.Release|Any CPU.Build.0 = Release|Any CPU
		{0831D8CD-FDB2-4C65-8732-43A14ADED002}.Release|Mixed Platforms.ActiveCfg = Release|Any CPU
		{0831D8CD-FDB2-4C65-8732-43A14ADED002}.Release|Mixed Platforms.Build.0 = Release|Any CPU
		{0831D8CD-FDB2-4C65-8732-43A14ADED002}.Release|x86.ActiveCfg = Release|Any CPU
		{4AAA3A44-F1C7-42BD-80A5-0902CA19BF75}.Debug|Any CPU.ActiveCfg = Debug|x86
		{4AAA3A44-F1C7-42BD-80A5-0902CA19BF75}.Debug|Any CPU.Build.0 = Debug|x86
		{4AAA3A44-F1C7-42BD-80A5-0902CA19BF75}.Debug|Mixed Platforms.ActiveCfg = Debug|x86
		{4AAA3A44-F1C7-42BD-80A5-0902CA19BF75}.Debug|Mixed Platforms.Build.0 = Debug|x86
		{4AAA3A44-F1C7-42BD-80A5-0902CA19BF75}.Debug|x86.ActiveCfg = Debug|x86
		{4AAA3A44-F1C7-42BD-80A5-0902CA19BF75}.Debug|x86.Build.0 = Debug|x86
		{4AAA3A44-F1C7-42BD-80A5-0902CA19BF75}.Release|Any CPU.ActiveCfg = Release|x86
		{4AAA3A44-F1C7-42BD-80A5-0902CA19BF75}.Release|Mixed Platforms.ActiveCfg = Release|x86
		{4AAA3A44-F1C7-42BD-80A5-0902CA19BF75}.Release|Mixed Platforms.Build.0 = Release|x86
		{4AAA3A44-F1C7-42BD-80A5-0902CA19BF75}.Release|x86.ActiveCfg = Release|x86
		{4AAA3A44-F1C7-42BD-80A5-0902CA19BF75}.Release|x86.Build.0 = Release|x86
	EndGlobalSection
	GlobalSection(SolutionProperties) = preSolution
		HideSolutionNode = FALSE
	EndGlobalSection
	GlobalSection(ExtensibilityGlobals) = postSolution
		SolutionGuid = {4522C8F1-3C11-430A-9B05-67AC0E4D3F00}
	EndGlobalSection
EndGlobal
